
Microsoft Visual Studio Solution File, Format Version 10.00
# Visual Studio 2008
Project("{E24C65DC-7377-472B-9ABA-BC803B73C61A}") = "yxwz", "..\yxwz", "{C220B8CE-6DC1-4295-A3B1-417ED48E8922}"
	ProjectSection(WebsiteProperties) = preProject
		TargetFramework = "3.5"
		Debug.AspNetCompiler.VirtualPath = "/yxwz"
		Debug.AspNetCompiler.PhysicalPath = "C:\Documents and Settings\Administrator\桌面\yxwz\"
		Debug.AspNetCompiler.TargetPath = "PrecompiledWeb\yxwz\"
		Debug.AspNetCompiler.Updateable = "true"
		Debug.AspNetCompiler.ForceOverwrite = "true"
		Debug.AspNetCompiler.FixedNames = "false"
		Debug.AspNetCompiler.Debug = "True"
		Release.AspNetCompiler.VirtualPath = "/yxwz"
		Release.AspNetCompiler.PhysicalPath = "C:\Documents and Settings\Administrator\桌面\yxwz\"
		Release.AspNetCompiler.TargetPath = "PrecompiledWeb\yxwz\"
		Release.AspNetCompiler.Updateable = "true"
		Release.AspNetCompiler.ForceOverwrite = "true"
		Release.AspNetCompiler.FixedNames = "false"
		Release.AspNetCompiler.Debug = "False"
		VWDPort = "1088"
	EndProjectSection
EndProject
Global
	GlobalSection(SolutionConfigurationPlatforms) = preSolution
		Debug|.NET = Debug|.NET
	EndGlobalSection
	GlobalSection(ProjectConfigurationPlatforms) = postSolution
		{C220B8CE-6DC1-4295-A3B1-417ED48E8922}.Debug|.NET.ActiveCfg = Debug|.NET
		{C220B8CE-6DC1-4295-A3B1-417ED48E8922}.Debug|.NET.Build.0 = Debug|.NET
	EndGlobalSection
	GlobalSection(SolutionProperties) = preSolution
		HideSolutionNode = FALSE
	EndGlobalSection
EndGlobal
