
Microsoft Visual Studio Solution File, Format Version 9.00
# Visual Studio 2005
Project("{E24C65DC-7377-472B-9ABA-BC803B73C61A}") = "C:\...\yxwz\", ".", "{B5EFADB4-84E6-4291-9881-D2E4BCF365F6}"
	ProjectSection(WebsiteProperties) = preProject
		Debug.AspNetCompiler.VirtualPath = "/yxwz"
		Debug.AspNetCompiler.PhysicalPath = "V:\Users\y97523\Desktop\yxwz\"
		Debug.AspNetCompiler.TargetPath = "PrecompiledWeb\yxwz\"
		Debug.AspNetCompiler.Updateable = "true"
		Debug.AspNetCompiler.ForceOverwrite = "true"
		Debug.AspNetCompiler.FixedNames = "false"
		Debug.AspNetCompiler.Debug = "True"
		Release.AspNetCompiler.VirtualPath = "/yxwz"
		Release.AspNetCompiler.PhysicalPath = "V:\Users\y97523\Desktop\yxwz\"
		Release.AspNetCompiler.TargetPath = "PrecompiledWeb\yxwz\"
		Release.AspNetCompiler.Updateable = "true"
		Release.AspNetCompiler.ForceOverwrite = "true"
		Release.AspNetCompiler.FixedNames = "false"
		Release.AspNetCompiler.Debug = "False"
		VWDPort = "49356"
	EndProjectSection
EndProject
Project("{54435603-DBB4-11D2-8724-00A0C9A8B90C}") = "营销物资配送系统", "..\营销物资配送系统\营销物资配送系统.vdproj", "{FDCAEC1A-2974-41A4-9C8E-54607A9620BE}"
	ProjectSection(WebsiteProperties) = preProject
		Debug.AspNetCompiler.Debug = "True"
		Release.AspNetCompiler.Debug = "False"
	EndProjectSection
EndProject
Global
	GlobalSection(SolutionConfigurationPlatforms) = preSolution
		Debug|.NET = Debug|.NET
		Release|.NET = Release|.NET
	EndGlobalSection
	GlobalSection(ProjectConfigurationPlatforms) = postSolution
		{B5EFADB4-84E6-4291-9881-D2E4BCF365F6}.Debug|.NET.ActiveCfg = Debug|.NET
		{B5EFADB4-84E6-4291-9881-D2E4BCF365F6}.Debug|.NET.Build.0 = Debug|.NET
		{B5EFADB4-84E6-4291-9881-D2E4BCF365F6}.Release|.NET.ActiveCfg = Debug|.NET
		{B5EFADB4-84E6-4291-9881-D2E4BCF365F6}.Release|.NET.Build.0 = Debug|.NET
		{FDCAEC1A-2974-41A4-9C8E-54607A9620BE}.Debug|.NET.ActiveCfg = Debug
		{FDCAEC1A-2974-41A4-9C8E-54607A9620BE}.Release|.NET.ActiveCfg = Release
	EndGlobalSection
	GlobalSection(SolutionProperties) = preSolution
		HideSolutionNode = FALSE
	EndGlobalSection
EndGlobal
